
Microsoft Visual Studio Solution File, Format Version 11.00
# Visual Studio 2010
Project("{FAE04EC0-301F-11D3-BF4B-00C04F79EFBC}") = "Zoo.zip", "Assembly-CSharp.csproj", "{4A5410D1-FB40-B810-1AF1-80C1C6BEE3BF}"
EndProject
Project("{FAE04EC0-301F-11D3-BF4B-00C04F79EFBC}") = "Zoo.zip", "Assembly-CSharp-Editor.csproj", "{37509F5C-D0B3-5754-B8D5-6F6D19256EC7}"
EndProject
Global
	GlobalSection(SolutionConfigurationPlatforms) = preSolution
		Debug|Any CPU = Debug|Any CPU
		Release|Any CPU = Release|Any CPU
	EndGlobalSection
	GlobalSection(ProjectConfigurationPlatforms) = postSolution
		{4A5410D1-FB40-B810-1AF1-80C1C6BEE3BF}.Debug|Any CPU.ActiveCfg = Debug|Any CPU
		{4A5410D1-FB40-B810-1AF1-80C1C6BEE3BF}.Debug|Any CPU.Build.0 = Debug|Any CPU
		{4A5410D1-FB40-B810-1AF1-80C1C6BEE3BF}.Release|Any CPU.ActiveCfg = Release|Any CPU
		{4A5410D1-FB40-B810-1AF1-80C1C6BEE3BF}.Release|Any CPU.Build.0 = Release|Any CPU
		{37509F5C-D0B3-5754-B8D5-6F6D19256EC7}.Debug|Any CPU.ActiveCfg = Debug|Any CPU
		{37509F5C-D0B3-5754-B8D5-6F6D19256EC7}.Debug|Any CPU.Build.0 = Debug|Any CPU
		{37509F5C-D0B3-5754-B8D5-6F6D19256EC7}.Release|Any CPU.ActiveCfg = Release|Any CPU
		{37509F5C-D0B3-5754-B8D5-6F6D19256EC7}.Release|Any CPU.Build.0 = Release|Any CPU
	EndGlobalSection
	GlobalSection(SolutionProperties) = preSolution
		HideSolutionNode = FALSE
	EndGlobalSection
	GlobalSection(MonoDevelopProperties) = preSolution
		StartupItem = Assembly-CSharp.csproj
	EndGlobalSection
EndGlobal
